
Microsoft Visual Studio Solution File, Format Version 12.00
# Visual Studio Version 17
VisualStudioVersion = 17.0.31903.59
MinimumVisualStudioVersion = 10.0.40219.1
Project("{2150E333-8FDC-42A3-9474-1A3956D46DE8}") = "src", "src", "{827E0CD3-B72D-47B6-A68D-7590B98EB39B}"
EndProject
Project("{FAE04EC0-301F-11D3-BF4B-00C04F79EFBC}") = "UrlShortener.Domain", "src\UrlShortener.Domain\UrlShortener.Domain.csproj", "{1A4C079C-C2D5-4289-B895-5E72FBBDA4C4}"
EndProject
Project("{FAE04EC0-301F-11D3-BF4B-00C04F79EFBC}") = "UrlShortener.Domain.Tests", "tests\UrlShortener.Domain.Tests\UrlShortener.Domain.Tests.csproj", "{E102F65B-CDDE-4EC1-8D02-E7EF9D034C6B}"
EndProject
Project("{FAE04EC0-301F-11D3-BF4B-00C04F79EFBC}") = "UrlShortener.Application", "src\UrlShortener.Application\UrlShortener.Application.csproj", "{C22F0DB3-2AF2-48E7-B145-FBD3E7FEF312}"
EndProject
Project("{FAE04EC0-301F-11D3-BF4B-00C04F79EFBC}") = "UrlShortener.Application.Tests", "tests\UrlShortener.Application.Tests\UrlShortener.Application.Tests.csproj", "{13684707-9FBA-4D2E-98D8-5B0735894824}"
EndProject
Project("{FAE04EC0-301F-11D3-BF4B-00C04F79EFBC}") = "UrlShortener.Infrastructure", "src\UrlShortener.Infrastructure\UrlShortener.Infrastructure.csproj", "{693225E4-C873-40E6-8C6D-DD79CEB2BC1D}"
EndProject
Project("{FAE04EC0-301F-11D3-BF4B-00C04F79EFBC}") = "UrlShortener.Infrastructure.Tests", "tests\UrlShortener.Infrastructure.Tests\UrlShortener.Infrastructure.Tests.csproj", "{D10444B1-7F88-462C-8EFA-4A5D270C6980}"
EndProject
Global
	GlobalSection(SolutionConfigurationPlatforms) = preSolution
		Debug|Any CPU = Debug|Any CPU
		Debug|x64 = Debug|x64
		Debug|x86 = Debug|x86
		Release|Any CPU = Release|Any CPU
		Release|x64 = Release|x64
		Release|x86 = Release|x86
	EndGlobalSection
	GlobalSection(ProjectConfigurationPlatforms) = postSolution
		{1A4C079C-C2D5-4289-B895-5E72FBBDA4C4}.Debug|Any CPU.ActiveCfg = Debug|Any CPU
		{1A4C079C-C2D5-4289-B895-5E72FBBDA4C4}.Debug|Any CPU.Build.0 = Debug|Any CPU
		{1A4C079C-C2D5-4289-B895-5E72FBBDA4C4}.Debug|x64.ActiveCfg = Debug|Any CPU
		{1A4C079C-C2D5-4289-B895-5E72FBBDA4C4}.Debug|x64.Build.0 = Debug|Any CPU
		{1A4C079C-C2D5-4289-B895-5E72FBBDA4C4}.Debug|x86.ActiveCfg = Debug|Any CPU
		{1A4C079C-C2D5-4289-B895-5E72FBBDA4C4}.Debug|x86.Build.0 = Debug|Any CPU
		{1A4C079C-C2D5-4289-B895-5E72FBBDA4C4}.Release|Any CPU.ActiveCfg = Release|Any CPU
		{1A4C079C-C2D5-4289-B895-5E72FBBDA4C4}.Release|Any CPU.Build.0 = Release|Any CPU
		{1A4C079C-C2D5-4289-B895-5E72FBBDA4C4}.Release|x64.ActiveCfg = Release|Any CPU
		{1A4C079C-C2D5-4289-B895-5E72FBBDA4C4}.Release|x64.Build.0 = Release|Any CPU
		{1A4C079C-C2D5-4289-B895-5E72FBBDA4C4}.Release|x86.ActiveCfg = Release|Any CPU
		{1A4C079C-C2D5-4289-B895-5E72FBBDA4C4}.Release|x86.Build.0 = Release|Any CPU
		{E102F65B-CDDE-4EC1-8D02-E7EF9D034C6B}.Debug|Any CPU.ActiveCfg = Debug|Any CPU
		{E102F65B-CDDE-4EC1-8D02-E7EF9D034C6B}.Debug|Any CPU.Build.0 = Debug|Any CPU
		{E102F65B-CDDE-4EC1-8D02-E7EF9D034C6B}.Debug|x64.ActiveCfg = Debug|Any CPU
		{E102F65B-CDDE-4EC1-8D02-E7EF9D034C6B}.Debug|x64.Build.0 = Debug|Any CPU
		{E102F65B-CDDE-4EC1-8D02-E7EF9D034C6B}.Debug|x86.ActiveCfg = Debug|Any CPU
		{E102F65B-CDDE-4EC1-8D02-E7EF9D034C6B}.Debug|x86.Build.0 = Debug|Any CPU
		{E102F65B-CDDE-4EC1-8D02-E7EF9D034C6B}.Release|Any CPU.ActiveCfg = Release|Any CPU
		{E102F65B-CDDE-4EC1-8D02-E7EF9D034C6B}.Release|Any CPU.Build.0 = Release|Any CPU
		{E102F65B-CDDE-4EC1-8D02-E7EF9D034C6B}.Release|x64.ActiveCfg = Release|Any CPU
		{E102F65B-CDDE-4EC1-8D02-E7EF9D034C6B}.Release|x64.Build.0 = Release|Any CPU
		{E102F65B-CDDE-4EC1-8D02-E7EF9D034C6B}.Release|x86.ActiveCfg = Release|Any CPU
		{E102F65B-CDDE-4EC1-8D02-E7EF9D034C6B}.Release|x86.Build.0 = Release|Any CPU
		{C22F0DB3-2AF2-48E7-B145-FBD3E7FEF312}.Debug|Any CPU.ActiveCfg = Debug|Any CPU
		{C22F0DB3-2AF2-48E7-B145-FBD3E7FEF312}.Debug|Any CPU.Build.0 = Debug|Any CPU
		{C22F0DB3-2AF2-48E7-B145-FBD3E7FEF312}.Debug|x64.ActiveCfg = Debug|Any CPU
		{C22F0DB3-2AF2-48E7-B145-FBD3E7FEF312}.Debug|x64.Build.0 = Debug|Any CPU
		{C22F0DB3-2AF2-48E7-B145-FBD3E7FEF312}.Debug|x86.ActiveCfg = Debug|Any CPU
		{C22F0DB3-2AF2-48E7-B145-FBD3E7FEF312}.Debug|x86.Build.0 = Debug|Any CPU
		{C22F0DB3-2AF2-48E7-B145-FBD3E7FEF312}.Release|Any CPU.ActiveCfg = Release|Any CPU
		{C22F0DB3-2AF2-48E7-B145-FBD3E7FEF312}.Release|Any CPU.Build.0 = Release|Any CPU
		{C22F0DB3-2AF2-48E7-B145-FBD3E7FEF312}.Release|x64.ActiveCfg = Release|Any CPU
		{C22F0DB3-2AF2-48E7-B145-FBD3E7FEF312}.Release|x64.Build.0 = Release|Any CPU
		{C22F0DB3-2AF2-48E7-B145-FBD3E7FEF312}.Release|x86.ActiveCfg = Release|Any CPU
		{C22F0DB3-2AF2-48E7-B145-FBD3E7FEF312}.Release|x86.Build.0 = Release|Any CPU
		{13684707-9FBA-4D2E-98D8-5B0735894824}.Debug|Any CPU.ActiveCfg = Debug|Any CPU
		{13684707-9FBA-4D2E-98D8-5B0735894824}.Debug|Any CPU.Build.0 = Debug|Any CPU
		{13684707-9FBA-4D2E-98D8-5B0735894824}.Debug|x64.ActiveCfg = Debug|Any CPU
		{13684707-9FBA-4D2E-98D8-5B0735894824}.Debug|x64.Build.0 = Debug|Any CPU
		{13684707-9FBA-4D2E-98D8-5B0735894824}.Debug|x86.ActiveCfg = Debug|Any CPU
		{13684707-9FBA-4D2E-98D8-5B0735894824}.Debug|x86.Build.0 = Debug|Any CPU
		{13684707-9FBA-4D2E-98D8-5B0735894824}.Release|Any CPU.ActiveCfg = Release|Any CPU
		{13684707-9FBA-4D2E-98D8-5B0735894824}.Release|Any CPU.Build.0 = Release|Any CPU
		{13684707-9FBA-4D2E-98D8-5B0735894824}.Release|x64.ActiveCfg = Release|Any CPU
		{13684707-9FBA-4D2E-98D8-5B0735894824}.Release|x64.Build.0 = Release|Any CPU
		{13684707-9FBA-4D2E-98D8-5B0735894824}.Release|x86.ActiveCfg = Release|Any CPU
		{13684707-9FBA-4D2E-98D8-5B0735894824}.Release|x86.Build.0 = Release|Any CPU
		{693225E4-C873-40E6-8C6D-DD79CEB2BC1D}.Debug|Any CPU.ActiveCfg = Debug|Any CPU
		{693225E4-C873-40E6-8C6D-DD79CEB2BC1D}.Debug|Any CPU.Build.0 = Debug|Any CPU
		{693225E4-C873-40E6-8C6D-DD79CEB2BC1D}.Debug|x64.ActiveCfg = Debug|Any CPU
		{693225E4-C873-40E6-8C6D-DD79CEB2BC1D}.Debug|x64.Build.0 = Debug|Any CPU
		{693225E4-C873-40E6-8C6D-DD79CEB2BC1D}.Debug|x86.ActiveCfg = Debug|Any CPU
		{693225E4-C873-40E6-8C6D-DD79CEB2BC1D}.Debug|x86.Build.0 = Debug|Any CPU
		{693225E4-C873-40E6-8C6D-DD79CEB2BC1D}.Release|Any CPU.ActiveCfg = Release|Any CPU
		{693225E4-C873-40E6-8C6D-DD79CEB2BC1D}.Release|Any CPU.Build.0 = Release|Any CPU
		{693225E4-C873-40E6-8C6D-DD79CEB2BC1D}.Release|x64.ActiveCfg = Release|Any CPU
		{693225E4-C873-40E6-8C6D-DD79CEB2BC1D}.Release|x64.Build.0 = Release|Any CPU
		{693225E4-C873-40E6-8C6D-DD79CEB2BC1D}.Release|x86.ActiveCfg = Release|Any CPU
		{693225E4-C873-40E6-8C6D-DD79CEB2BC1D}.Release|x86.Build.0 = Release|Any CPU
		{D10444B1-7F88-462C-8EFA-4A5D270C6980}.Debug|Any CPU.ActiveCfg = Debug|Any CPU
		{D10444B1-7F88-462C-8EFA-4A5D270C6980}.Debug|Any CPU.Build.0 = Debug|Any CPU
		{D10444B1-7F88-462C-8EFA-4A5D270C6980}.Debug|x64.ActiveCfg = Debug|Any CPU
		{D10444B1-7F88-462C-8EFA-4A5D270C6980}.Debug|x64.Build.0 = Debug|Any CPU
		{D10444B1-7F88-462C-8EFA-4A5D270C6980}.Debug|x86.ActiveCfg = Debug|Any CPU
		{D10444B1-7F88-462C-8EFA-4A5D270C6980}.Debug|x86.Build.0 = Debug|Any CPU
		{D10444B1-7F88-462C-8EFA-4A5D270C6980}.Release|Any CPU.ActiveCfg = Release|Any CPU
		{D10444B1-7F88-462C-8EFA-4A5D270C6980}.Release|Any CPU.Build.0 = Release|Any CPU
		{D10444B1-7F88-462C-8EFA-4A5D270C6980}.Release|x64.ActiveCfg = Release|Any CPU
		{D10444B1-7F88-462C-8EFA-4A5D270C6980}.Release|x64.Build.0 = Release|Any CPU
		{D10444B1-7F88-462C-8EFA-4A5D270C6980}.Release|x86.ActiveCfg = Release|Any CPU
		{D10444B1-7F88-462C-8EFA-4A5D270C6980}.Release|x86.Build.0 = Release|Any CPU
	EndGlobalSection
	GlobalSection(SolutionProperties) = preSolution
		HideSolutionNode = FALSE
	EndGlobalSection
	GlobalSection(NestedProjects) = preSolution
		{1A4C079C-C2D5-4289-B895-5E72FBBDA4C4} = {827E0CD3-B72D-47B6-A68D-7590B98EB39B}
		{E102F65B-CDDE-4EC1-8D02-E7EF9D034C6B} = {827E0CD3-B72D-47B6-A68D-7590B98EB39B}
		{C22F0DB3-2AF2-48E7-B145-FBD3E7FEF312} = {827E0CD3-B72D-47B6-A68D-7590B98EB39B}
		{13684707-9FBA-4D2E-98D8-5B0735894824} = {827E0CD3-B72D-47B6-A68D-7590B98EB39B}
		{693225E4-C873-40E6-8C6D-DD79CEB2BC1D} = {827E0CD3-B72D-47B6-A68D-7590B98EB39B}
		{D10444B1-7F88-462C-8EFA-4A5D270C6980} = {827E0CD3-B72D-47B6-A68D-7590B98EB39B}
	EndGlobalSection
EndGlobal
